
Microsoft Visual Studio Solution File, Format Version 12.00
# Visual Studio 15
VisualStudioVersion = 15.0.28010.2041
MinimumVisualStudioVersion = 10.0.40219.1
Project("{FAE04EC0-301F-11D3-BF4B-00C04F79EFBC}") = "kursovaya", "kursovaya\kursovaya.csproj", "{9EBC58B9-4336-4A72-897D-52CE777C019C}"
EndProject
Global
	GlobalSection(SolutionConfigurationPlatforms) = preSolution
		Debug|Any CPU = Debug|Any CPU
		Release|Any CPU = Release|Any CPU
	EndGlobalSection
	GlobalSection(ProjectConfigurationPlatforms) = postSolution
		{9EBC58B9-4336-4A72-897D-52CE777C019C}.Debug|Any CPU.ActiveCfg = Debug|Any CPU
		{9EBC58B9-4336-4A72-897D-52CE777C019C}.Debug|Any CPU.Build.0 = Debug|Any CPU
		{9EBC58B9-4336-4A72-897D-52CE777C019C}.Release|Any CPU.ActiveCfg = Release|Any CPU
		{9EBC58B9-4336-4A72-897D-52CE777C019C}.Release|Any CPU.Build.0 = Release|Any CPU
	EndGlobalSection
	GlobalSection(SolutionProperties) = preSolution
		HideSolutionNode = FALSE
	EndGlobalSection
	GlobalSection(ExtensibilityGlobals) = postSolution
		SolutionGuid = {197E61B2-7F8B-4606-9B48-42A96A8DDC53}
	EndGlobalSection
EndGlobal
